// !$*UTF8*$!
{
	archiveVersion = 1;
	classes = {
	};
	objectVersion = 55;
	objects = {

/* Begin PBXBuildFile section */
		D19118D3280888BD0009A5BA /* App.swift in Sources */ = {isa = PBXBuildFile; fileRef = D19118D2280888BD0009A5BA /* App.swift */; };
		D19118D5280888BD0009A5BA /* RootView.swift in Sources */ = {isa = PBXBuildFile; fileRef = D19118D4280888BD0009A5BA /* RootView.swift */; };
		D19118D7280888BE0009A5BA /* Assets.xcassets in Resources */ = {isa = PBXBuildFile; fileRef = D19118D6280888BE0009A5BA /* Assets.xcassets */; };
		D19118DA280888BE0009A5BA /* Preview Assets.xcassets in Resources */ = {isa = PBXBuildFile; fileRef = D19118D9280888BE0009A5BA /* Preview Assets.xcassets */; };
		D19118E4280888BE0009A5BA /* TweetleDumbestTests.swift in Sources */ = {isa = PBXBuildFile; fileRef = D19118E3280888BE0009A5BA /* TweetleDumbestTests.swift */; };
		D19118EE280888BE0009A5BA /* TweetleDumbestUITests.swift in Sources */ = {isa = PBXBuildFile; fileRef = D19118ED280888BE0009A5BA /* TweetleDumbestUITests.swift */; };
		D19118F0280888BE0009A5BA /* TweetleDumbestUITestsLaunchTests.swift in Sources */ = {isa = PBXBuildFile; fileRef = D19118EF280888BE0009A5BA /* TweetleDumbestUITestsLaunchTests.swift */; };
/* End PBXBuildFile section */

/* Begin PBXContainerItemProxy section */
		D19118E0280888BE0009A5BA /* PBXContainerItemProxy */ = {
			isa = PBXContainerItemProxy;
			containerPortal = D19118C7280888BD0009A5BA /* Project object */;
			proxyType = 1;
			remoteGlobalIDString = D19118CE280888BD0009A5BA;
			remoteInfo = TweetleDumbest;
		};
		D19118EA280888BE0009A5BA /* PBXContainerItemProxy */ = {
			isa = PBXContainerItemProxy;
			containerPortal = D19118C7280888BD0009A5BA /* Project object */;
			proxyType = 1;
			remoteGlobalIDString = D19118CE280888BD0009A5BA;
			remoteInfo = TweetleDumbest;
		};
/* End PBXContainerItemProxy section */

/* Begin PBXFileReference section */
		D19118CF280888BD0009A5BA /* TweetleDumbest.app */ = {isa = PBXFileReference; explicitFileType = wrapper.application; includeInIndex = 0; path = TweetleDumbest.app; sourceTree = BUILT_PRODUCTS_DIR; };
		D19118D2280888BD0009A5BA /* App.swift */ = {isa = PBXFileReference; lastKnownFileType = sourcecode.swift; path = App.swift; sourceTree = "<group>"; };
		D19118D4280888BD0009A5BA /* RootView.swift */ = {isa = PBXFileReference; lastKnownFileType = sourcecode.swift; path = RootView.swift; sourceTree = "<group>"; };
		D19118D6280888BE0009A5BA /* Assets.xcassets */ = {isa = PBXFileReference; lastKnownFileType = folder.assetcatalog; path = Assets.xcassets; sourceTree = "<group>"; };
		D19118D9280888BE0009A5BA /* Preview Assets.xcassets */ = {isa = PBXFileReference; lastKnownFileType = folder.assetcatalog; path = "Preview Assets.xcassets"; sourceTree = "<group>"; };
		D19118DF280888BE0009A5BA /* TweetleDumbestTests.xctest */ = {isa = PBXFileReference; explicitFileType = wrapper.cfbundle; includeInIndex = 0; path = TweetleDumbestTests.xctest; sourceTree = BUILT_PRODUCTS_DIR; };
		D19118E3280888BE0009A5BA /* TweetleDumbestTests.swift */ = {isa = PBXFileReference; lastKnownFileType = sourcecode.swift; path = TweetleDumbestTests.swift; sourceTree = "<group>"; };
		D19118E9280888BE0009A5BA /* TweetleDumbestUITests.xctest */ = {isa = PBXFileReference; explicitFileType = wrapper.cfbundle; includeInIndex = 0; path = TweetleDumbestUITests.xctest; sourceTree = BUILT_PRODUCTS_DIR; };
		D19118ED280888BE0009A5BA /* TweetleDumbestUITests.swift */ = {isa = PBXFileReference; lastKnownFileType = sourcecode.swift; path = TweetleDumbestUITests.swift; sourceTree = "<group>"; };
		D19118EF280888BE0009A5BA /* TweetleDumbestUITestsLaunchTests.swift */ = {isa = PBXFileReference; lastKnownFileType = sourcecode.swift; path = TweetleDumbestUITestsLaunchTests.swift; sourceTree = "<group>"; };
/* End PBXFileReference section */

/* Begin PBXFrameworksBuildPhase section */
		D19118CC280888BD0009A5BA /* Frameworks */ = {
			isa = PBXFrameworksBuildPhase;
			buildActionMask = 2147483647;
			files = (
			);
			runOnlyForDeploymentPostprocessing = 0;
		};
		D19118DC280888BE0009A5BA /* Frameworks */ = {
			isa = PBXFrameworksBuildPhase;
			buildActionMask = 2147483647;
			files = (
			);
			runOnlyForDeploymentPostprocessing = 0;
		};
		D19118E6280888BE0009A5BA /* Frameworks */ = {
			isa = PBXFrameworksBuildPhase;
			buildActionMask = 2147483647;
			files = (
			);
			runOnlyForDeploymentPostprocessing = 0;
		};
/* End PBXFrameworksBuildPhase section */

/* Begin PBXGroup section */
		D19118C6280888BD0009A5BA = {
			isa = PBXGroup;
			children = (
				D19118D1280888BD0009A5BA /* TweetleDumbest */,
				D19118E2280888BE0009A5BA /* TweetleDumbestTests */,
				D19118EC280888BE0009A5BA /* TweetleDumbestUITests */,
				D19118D0280888BD0009A5BA /* Products */,
			);
			sourceTree = "<group>";
		};
		D19118D0280888BD0009A5BA /* Products */ = {
			isa = PBXGroup;
			children = (
				D19118CF280888BD0009A5BA /* TweetleDumbest.app */,
				D19118DF280888BE0009A5BA /* TweetleDumbestTests.xctest */,
				D19118E9280888BE0009A5BA /* TweetleDumbestUITests.xctest */,
			);
			name = Products;
			sourceTree = "<group>";
		};
		D19118D1280888BD0009A5BA /* TweetleDumbest */ = {
			isa = PBXGroup;
			children = (
				D19118FC280888FB0009A5BA /* Resources */,
				D19118FD280889060009A5BA /* Source */,
			);
			path = TweetleDumbest;
			sourceTree = "<group>";
		};
		D19118D8280888BE0009A5BA /* Preview Content */ = {
			isa = PBXGroup;
			children = (
				D19118D9280888BE0009A5BA /* Preview Assets.xcassets */,
			);
			path = "Preview Content";
			sourceTree = "<group>";
		};
		D19118E2280888BE0009A5BA /* TweetleDumbestTests */ = {
			isa = PBXGroup;
			children = (
				D19118E3280888BE0009A5BA /* TweetleDumbestTests.swift */,
			);
			path = TweetleDumbestTests;
			sourceTree = "<group>";
		};
		D19118EC280888BE0009A5BA /* TweetleDumbestUITests */ = {
			isa = PBXGroup;
			children = (
				D19118ED280888BE0009A5BA /* TweetleDumbestUITests.swift */,
				D19118EF280888BE0009A5BA /* TweetleDumbestUITestsLaunchTests.swift */,
			);
			path = TweetleDumbestUITests;
			sourceTree = "<group>";
		};
		D19118FC280888FB0009A5BA /* Resources */ = {
			isa = PBXGroup;
			children = (
				D19118D8280888BE0009A5BA /* Preview Content */,
				D19118D6280888BE0009A5BA /* Assets.xcassets */,
			);
			path = Resources;
			sourceTree = "<group>";
		};
		D19118FD280889060009A5BA /* Source */ = {
			isa = PBXGroup;
			children = (
				D19118FE280889110009A5BA /* UI */,
				D19118D2280888BD0009A5BA /* App.swift */,
			);
			path = Source;
			sourceTree = "<group>";
		};
		D19118FE280889110009A5BA /* UI */ = {
			isa = PBXGroup;
			children = (
				D19118D4280888BD0009A5BA /* RootView.swift */,
			);
			path = UI;
			sourceTree = "<group>";
		};
/* End PBXGroup section */

/* Begin PBXNativeTarget section */
		D19118CE280888BD0009A5BA /* TweetleDumbest */ = {
			isa = PBXNativeTarget;
			buildConfigurationList = D19118F3280888BE0009A5BA /* Build configuration list for PBXNativeTarget "TweetleDumbest" */;
			buildPhases = (
				D19118CB280888BD0009A5BA /* Sources */,
				D19118CC280888BD0009A5BA /* Frameworks */,
				D19118CD280888BD0009A5BA /* Resources */,
			);
			buildRules = (
			);
			dependencies = (
			);
			name = TweetleDumbest;
			productName = TweetleDumbest;
			productReference = D19118CF280888BD0009A5BA /* TweetleDumbest.app */;
			productType = "com.apple.product-type.application";
		};
		D19118DE280888BE0009A5BA /* TweetleDumbestTests */ = {
			isa = PBXNativeTarget;
			buildConfigurationList = D19118F6280888BE0009A5BA /* Build configuration list for PBXNativeTarget "TweetleDumbestTests" */;
			buildPhases = (
				D19118DB280888BE0009A5BA /* Sources */,
				D19118DC280888BE0009A5BA /* Frameworks */,
				D19118DD280888BE0009A5BA /* Resources */,
			);
			buildRules = (
			);
			dependencies = (
				D19118E1280888BE0009A5BA /* PBXTargetDependency */,
			);
			name = TweetleDumbestTests;
			productName = TweetleDumbestTests;
			productReference = D19118DF280888BE0009A5BA /* TweetleDumbestTests.xctest */;
			productType = "com.apple.product-type.bundle.unit-test";
		};
		D19118E8280888BE0009A5BA /* TweetleDumbestUITests */ = {
			isa = PBXNativeTarget;
			buildConfigurationList = D19118F9280888BE0009A5BA /* Build configuration list for PBXNativeTarget "TweetleDumbestUITests" */;
			buildPhases = (
				D19118E5280888BE0009A5BA /* Sources */,
				D19118E6280888BE0009A5BA /* Frameworks */,
				D19118E7280888BE0009A5BA /* Resources */,
			);
			buildRules = (
			);
			dependencies = (
				D19118EB280888BE0009A5BA /* PBXTargetDependency */,
			);
			name = TweetleDumbestUITests;
			productName = TweetleDumbestUITests;
			productReference = D19118E9280888BE0009A5BA /* TweetleDumbestUITests.xctest */;
			productType = "com.apple.product-type.bundle.ui-testing";
		};
/* End PBXNativeTarget section */

/* Begin PBXProject section */
		D19118C7280888BD0009A5BA /* Project object */ = {
			isa = PBXProject;
			attributes = {
				BuildIndependentTargetsInParallel = 1;
				LastSwiftUpdateCheck = 1330;
				LastUpgradeCheck = 1330;
				TargetAttributes = {
					D19118CE280888BD0009A5BA = {
						CreatedOnToolsVersion = 13.3.1;
					};
					D19118DE280888BE0009A5BA = {
						CreatedOnToolsVersion = 13.3.1;
						TestTargetID = D19118CE280888BD0009A5BA;
					};
					D19118E8280888BE0009A5BA = {
						CreatedOnToolsVersion = 13.3.1;
						TestTargetID = D19118CE280888BD0009A5BA;
					};
				};
			};
			buildConfigurationList = D19118CA280888BD0009A5BA /* Build configuration list for PBXProject "TweetleDumbest" */;
			compatibilityVersion = "Xcode 13.0";
			developmentRegion = en;
			hasScannedForEncodings = 0;
			knownRegions = (
				en,
				Base,
			);
			mainGroup = D19118C6280888BD0009A5BA;
			productRefGroup = D19118D0280888BD0009A5BA /* Products */;
			projectDirPath = "";
			projectRoot = "";
			targets = (
				D19118CE280888BD0009A5BA /* TweetleDumbest */,
				D19118DE280888BE0009A5BA /* TweetleDumbestTests */,
				D19118E8280888BE0009A5BA /* TweetleDumbestUITests */,
			);
		};
/* End PBXProject section */

/* Begin PBXResourcesBuildPhase section */
		D19118CD280888BD0009A5BA /* Resources */ = {
			isa = PBXResourcesBuildPhase;
			buildActionMask = 2147483647;
			files = (
				D19118DA280888BE0009A5BA /* Preview Assets.xcassets in Resources */,
				D19118D7280888BE0009A5BA /* Assets.xcassets in Resources */,
			);
			runOnlyForDeploymentPostprocessing = 0;
		};
		D19118DD280888BE0009A5BA /* Resources */ = {
			isa = PBXResourcesBuildPhase;
			buildActionMask = 2147483647;
			files = (
			);
			runOnlyForDeploymentPostprocessing = 0;
		};
		D19118E7280888BE0009A5BA /* Resources */ = {
			isa = PBXResourcesBuildPhase;
			buildActionMask = 2147483647;
			files = (
			);
			runOnlyForDeploymentPostprocessing = 0;
		};
/* End PBXResourcesBuildPhase section */

/* Begin PBXSourcesBuildPhase section */
		D19118CB280888BD0009A5BA /* Sources */ = {
			isa = PBXSourcesBuildPhase;
			buildActionMask = 2147483647;
			files = (
				D19118D5280888BD0009A5BA /* RootView.swift in Sources */,
				D19118D3280888BD0009A5BA /* App.swift in Sources */,
			);
			runOnlyForDeploymentPostprocessing = 0;
		};
		D19118DB280888BE0009A5BA /* Sources */ = {
			isa = PBXSourcesBuildPhase;
			buildActionMask = 2147483647;
			files = (
				D19118E4280888BE0009A5BA /* TweetleDumbestTests.swift in Sources */,
			);
			runOnlyForDeploymentPostprocessing = 0;
		};
		D19118E5280888BE0009A5BA /* Sources */ = {
			isa = PBXSourcesBuildPhase;
			buildActionMask = 2147483647;
			files = (
				D19118F0280888BE0009A5BA /* TweetleDumbestUITestsLaunchTests.swift in Sources */,
				D19118EE280888BE0009A5BA /* TweetleDumbestUITests.swift in Sources */,
			);
			runOnlyForDeploymentPostprocessing = 0;
		};
/* End PBXSourcesBuildPhase section */

/* Begin PBXTargetDependency section */
		D19118E1280888BE0009A5BA /* PBXTargetDependency */ = {
			isa = PBXTargetDependency;
			target = D19118CE280888BD0009A5BA /* TweetleDumbest */;
			targetProxy = D19118E0280888BE0009A5BA /* PBXContainerItemProxy */;
		};
		D19118EB280888BE0009A5BA /* PBXTargetDependency */ = {
			isa = PBXTargetDependency;
			target = D19118CE280888BD0009A5BA /* TweetleDumbest */;
			targetProxy = D19118EA280888BE0009A5BA /* PBXContainerItemProxy */;
		};
/* End PBXTargetDependency section */

/* Begin XCBuildConfiguration section */
		D19118F1280888BE0009A5BA /* Debug */ = {
			isa = XCBuildConfiguration;
			buildSettings = {
				ALWAYS_SEARCH_USER_PATHS = NO;
				CLANG_ANALYZER_NONNULL = YES;
				CLANG_ANALYZER_NUMBER_OBJECT_CONVERSION = YES_AGGRESSIVE;
				CLANG_CXX_LANGUAGE_STANDARD = "gnu++17";
				CLANG_ENABLE_MODULES = YES;
				CLANG_ENABLE_OBJC_ARC = YES;
				CLANG_ENABLE_OBJC_WEAK = YES;
				CLANG_WARN_BLOCK_CAPTURE_AUTORELEASING = YES;
				CLANG_WARN_BOOL_CONVERSION = YES;
				CLANG_WARN_COMMA = YES;
				CLANG_WARN_CONSTANT_CONVERSION = YES;
				CLANG_WARN_DEPRECATED_OBJC_IMPLEMENTATIONS = YES;
				CLANG_WARN_DIRECT_OBJC_ISA_USAGE = YES_ERROR;
				CLANG_WARN_DOCUMENTATION_COMMENTS = YES;
				CLANG_WARN_EMPTY_BODY = YES;
				CLANG_WARN_ENUM_CONVERSION = YES;
				CLANG_WARN_INFINITE_RECURSION = YES;
				CLANG_WARN_INT_CONVERSION = YES;
				CLANG_WARN_NON_LITERAL_NULL_CONVERSION = YES;
				CLANG_WARN_OBJC_IMPLICIT_RETAIN_SELF = YES;
				CLANG_WARN_OBJC_LITERAL_CONVERSION = YES;
				CLANG_WARN_OBJC_ROOT_CLASS = YES_ERROR;
				CLANG_WARN_QUOTED_INCLUDE_IN_FRAMEWORK_HEADER = YES;
				CLANG_WARN_RANGE_LOOP_ANALYSIS = YES;
				CLANG_WARN_STRICT_PROTOTYPES = YES;
				CLANG_WARN_SUSPICIOUS_MOVE = YES;
				CLANG_WARN_UNGUARDED_AVAILABILITY = YES_AGGRESSIVE;
				CLANG_WARN_UNREACHABLE_CODE = YES;
				CLANG_WARN__DUPLICATE_METHOD_MATCH = YES;
				COPY_PHASE_STRIP = NO;
				DEBUG_INFORMATION_FORMAT = dwarf;
				ENABLE_STRICT_OBJC_MSGSEND = YES;
				ENABLE_TESTABILITY = YES;
				GCC_C_LANGUAGE_STANDARD = gnu11;
				GCC_DYNAMIC_NO_PIC = NO;
				GCC_NO_COMMON_BLOCKS = YES;
				GCC_OPTIMIZATION_LEVEL = 0;
				GCC_PREPROCESSOR_DEFINITIONS = (
					"DEBUG=1",
					"$(inherited)",
				);
				GCC_WARN_64_TO_32_BIT_CONVERSION = YES;
				GCC_WARN_ABOUT_RETURN_TYPE = YES_ERROR;
				GCC_WARN_UNDECLARED_SELECTOR = YES;
				GCC_WARN_UNINITIALIZED_AUTOS = YES_AGGRESSIVE;
				GCC_WARN_UNUSED_FUNCTION = YES;
				GCC_WARN_UNUSED_VARIABLE = YES;
				IPHONEOS_DEPLOYMENT_TARGET = 15.4;
				MTL_ENABLE_DEBUG_INFO = INCLUDE_SOURCE;
				MTL_FAST_MATH = YES;
				ONLY_ACTIVE_ARCH = YES;
				SDKROOT = iphoneos;
				SWIFT_ACTIVE_COMPILATION_CONDITIONS = DEBUG;
				SWIFT_OPTIMIZATION_LEVEL = "-Onone";
			};
			name = Debug;
		};
		D19118F2280888BE0009A5BA /* Release */ = {
			isa = XCBuildConfiguration;
			buildSettings = {
				ALWAYS_SEARCH_USER_PATHS = NO;
				CLANG_ANALYZER_NONNULL = YES;
				CLANG_ANALYZER_NUMBER_OBJECT_CONVERSION = YES_AGGRESSIVE;
				CLANG_CXX_LANGUAGE_STANDARD = "gnu++17";
				CLANG_ENABLE_MODULES = YES;
				CLANG_ENABLE_OBJC_ARC = YES;
				CLANG_ENABLE_OBJC_WEAK = YES;
				CLANG_WARN_BLOCK_CAPTURE_AUTORELEASING = YES;
				CLANG_WARN_BOOL_CONVERSION = YES;
				CLANG_WARN_COMMA = YES;
				CLANG_WARN_CONSTANT_CONVERSION = YES;
				CLANG_WARN_DEPRECATED_OBJC_IMPLEMENTATIONS = YES;
				CLANG_WARN_DIRECT_OBJC_ISA_USAGE = YES_ERROR;
				CLANG_WARN_DOCUMENTATION_COMMENTS = YES;
				CLANG_WARN_EMPTY_BODY = YES;
				CLANG_WARN_ENUM_CONVERSION = YES;
				CLANG_WARN_INFINITE_RECURSION = YES;
				CLANG_WARN_INT_CONVERSION = YES;
				CLANG_WARN_NON_LITERAL_NULL_CONVERSION = YES;
				CLANG_WARN_OBJC_IMPLICIT_RETAIN_SELF = YES;
				CLANG_WARN_OBJC_LITERAL_CONVERSION = YES;
				CLANG_WARN_OBJC_ROOT_CLASS = YES_ERROR;
				CLANG_WARN_QUOTED_INCLUDE_IN_FRAMEWORK_HEADER = YES;
				CLANG_WARN_RANGE_LOOP_ANALYSIS = YES;
				CLANG_WARN_STRICT_PROTOTYPES = YES;
				CLANG_WARN_SUSPICIOUS_MOVE = YES;
				CLANG_WARN_UNGUARDED_AVAILABILITY = YES_AGGRESSIVE;
				CLANG_WARN_UNREACHABLE_CODE = YES;
				CLANG_WARN__DUPLICATE_METHOD_MATCH = YES;
				COPY_PHASE_STRIP = NO;
				DEBUG_INFORMATION_FORMAT = "dwarf-with-dsym";
				ENABLE_NS_ASSERTIONS = NO;
				ENABLE_STRICT_OBJC_MSGSEND = YES;
				GCC_C_LANGUAGE_STANDARD = gnu11;
				GCC_NO_COMMON_BLOCKS = YES;
				GCC_WARN_64_TO_32_BIT_CONVERSION = YES;
				GCC_WARN_ABOUT_RETURN_TYPE = YES_ERROR;
				GCC_WARN_UNDECLARED_SELECTOR = YES;
				GCC_WARN_UNINITIALIZED_AUTOS = YES_AGGRESSIVE;
				GCC_WARN_UNUSED_FUNCTION = YES;
				GCC_WARN_UNUSED_VARIABLE = YES;
				IPHONEOS_DEPLOYMENT_TARGET = 15.4;
				MTL_ENABLE_DEBUG_INFO = NO;
				MTL_FAST_MATH = YES;
				SDKROOT = iphoneos;
				SWIFT_COMPILATION_MODE = wholemodule;
				SWIFT_OPTIMIZATION_LEVEL = "-O";
				VALIDATE_PRODUCT = YES;
			};
			name = Release;
		};
		D19118F4280888BE0009A5BA /* Debug */ = {
			isa = XCBuildConfiguration;
			buildSettings = {
				ASSETCATALOG_COMPILER_APPICON_NAME = AppIcon;
				ASSETCATALOG_COMPILER_GLOBAL_ACCENT_COLOR_NAME = AccentColor;
				CODE_SIGN_STYLE = Automatic;
				CURRENT_PROJECT_VERSION = 1;
				DEVELOPMENT_ASSET_PATHS = "\"TweetleDumbest/Resources/Preview Content\"";
				DEVELOPMENT_TEAM = 6M9MT4KJZD;
				ENABLE_PREVIEWS = YES;
				GENERATE_INFOPLIST_FILE = YES;
				INFOPLIST_KEY_UIApplicationSceneManifest_Generation = YES;
				INFOPLIST_KEY_UIApplicationSupportsIndirectInputEvents = YES;
				INFOPLIST_KEY_UILaunchScreen_Generation = YES;
				INFOPLIST_KEY_UISupportedInterfaceOrientations_iPad = "UIInterfaceOrientationPortrait UIInterfaceOrientationPortraitUpsideDown UIInterfaceOrientationLandscapeLeft UIInterfaceOrientationLandscapeRight";
				INFOPLIST_KEY_UISupportedInterfaceOrientations_iPhone = "UIInterfaceOrientationPortrait UIInterfaceOrientationLandscapeLeft UIInterfaceOrientationLandscapeRight";
				LD_RUNPATH_SEARCH_PATHS = (
					"$(inherited)",
					"@executable_path/Frameworks",
				);
				MARKETING_VERSION = 1.0;
				PRODUCT_BUNDLE_IDENTIFIER = io.srz.TweetleDumbest;
				PRODUCT_NAME = "$(TARGET_NAME)";
				SWIFT_EMIT_LOC_STRINGS = YES;
				SWIFT_VERSION = 5.0;
				TARGETED_DEVICE_FAMILY = "1,2";
			};
			name = Debug;
		};
		D19118F5280888BE0009A5BA /* Release */ = {
			isa = XCBuildConfiguration;
			buildSettings = {
				ASSETCATALOG_COMPILER_APPICON_NAME = AppIcon;
				ASSETCATALOG_COMPILER_GLOBAL_ACCENT_COLOR_NAME = AccentColor;
				CODE_SIGN_STYLE = Automatic;
				CURRENT_PROJECT_VERSION = 1;
				DEVELOPMENT_ASSET_PATHS = "\"TweetleDumbest/Resources/Preview Content\"";
				DEVELOPMENT_TEAM = 6M9MT4KJZD;
				ENABLE_PREVIEWS = YES;
				GENERATE_INFOPLIST_FILE = YES;
				INFOPLIST_KEY_UIApplicationSceneManifest_Generation = YES;
				INFOPLIST_KEY_UIApplicationSupportsIndirectInputEvents = YES;
				INFOPLIST_KEY_UILaunchScreen_Generation = YES;
				INFOPLIST_KEY_UISupportedInterfaceOrientations_iPad = "UIInterfaceOrientationPortrait UIInterfaceOrientationPortraitUpsideDown UIInterfaceOrientationLandscapeLeft UIInterfaceOrientationLandscapeRight";
				INFOPLIST_KEY_UISupportedInterfaceOrientations_iPhone = "UIInterfaceOrientationPortrait UIInterfaceOrientationLandscapeLeft UIInterfaceOrientationLandscapeRight";
				LD_RUNPATH_SEARCH_PATHS = (
					"$(inherited)",
					"@executable_path/Frameworks",
				);
				MARKETING_VERSION = 1.0;
				PRODUCT_BUNDLE_IDENTIFIER = io.srz.TweetleDumbest;
				PRODUCT_NAME = "$(TARGET_NAME)";
				SWIFT_EMIT_LOC_STRINGS = YES;
				SWIFT_VERSION = 5.0;
				TARGETED_DEVICE_FAMILY = "1,2";
			};
			name = Release;
		};
		D19118F7280888BE0009A5BA /* Debug */ = {
			isa = XCBuildConfiguration;
			buildSettings = {
				ALWAYS_EMBED_SWIFT_STANDARD_LIBRARIES = YES;
				BUNDLE_LOADER = "$(TEST_HOST)";
				CODE_SIGN_STYLE = Automatic;
				CURRENT_PROJECT_VERSION = 1;
				DEVELOPMENT_TEAM = 6M9MT4KJZD;
				GENERATE_INFOPLIST_FILE = YES;
				IPHONEOS_DEPLOYMENT_TARGET = 15.4;
				MARKETING_VERSION = 1.0;
				PRODUCT_BUNDLE_IDENTIFIER = io.srz.TweetleDumbestTests;
				PRODUCT_NAME = "$(TARGET_NAME)";
				SWIFT_EMIT_LOC_STRINGS = NO;
				SWIFT_VERSION = 5.0;
				TARGETED_DEVICE_FAMILY = "1,2";
				TEST_HOST = "$(BUILT_PRODUCTS_DIR)/TweetleDumbest.app/TweetleDumbest";
			};
			name = Debug;
		};
		D19118F8280888BE0009A5BA /* Release */ = {
			isa = XCBuildConfiguration;
			buildSettings = {
				ALWAYS_EMBED_SWIFT_STANDARD_LIBRARIES = YES;
				BUNDLE_LOADER = "$(TEST_HOST)";
				CODE_SIGN_STYLE = Automatic;
				CURRENT_PROJECT_VERSION = 1;
				DEVELOPMENT_TEAM = 6M9MT4KJZD;
				GENERATE_INFOPLIST_FILE = YES;
				IPHONEOS_DEPLOYMENT_TARGET = 15.4;
				MARKETING_VERSION = 1.0;
				PRODUCT_BUNDLE_IDENTIFIER = io.srz.TweetleDumbestTests;
				PRODUCT_NAME = "$(TARGET_NAME)";
				SWIFT_EMIT_LOC_STRINGS = NO;
				SWIFT_VERSION = 5.0;
				TARGETED_DEVICE_FAMILY = "1,2";
				TEST_HOST = "$(BUILT_PRODUCTS_DIR)/TweetleDumbest.app/TweetleDumbest";
			};
			name = Release;
		};
		D19118FA280888BE0009A5BA /* Debug */ = {
			isa = XCBuildConfiguration;
			buildSettings = {
				ALWAYS_EMBED_SWIFT_STANDARD_LIBRARIES = YES;
				CODE_SIGN_STYLE = Automatic;
				CURRENT_PROJECT_VERSION = 1;
				DEVELOPMENT_TEAM = 6M9MT4KJZD;
				GENERATE_INFOPLIST_FILE = YES;
				MARKETING_VERSION = 1.0;
				PRODUCT_BUNDLE_IDENTIFIER = io.srz.TweetleDumbestUITests;
				PRODUCT_NAME = "$(TARGET_NAME)";
				SWIFT_EMIT_LOC_STRINGS = NO;
				SWIFT_VERSION = 5.0;
				TARGETED_DEVICE_FAMILY = "1,2";
				TEST_TARGET_NAME = TweetleDumbest;
			};
			name = Debug;
		};
		D19118FB280888BE0009A5BA /* Release */ = {
			isa = XCBuildConfiguration;
			buildSettings = {
				ALWAYS_EMBED_SWIFT_STANDARD_LIBRARIES = YES;
				CODE_SIGN_STYLE = Automatic;
				CURRENT_PROJECT_VERSION = 1;
				DEVELOPMENT_TEAM = 6M9MT4KJZD;
				GENERATE_INFOPLIST_FILE = YES;
				MARKETING_VERSION = 1.0;
				PRODUCT_BUNDLE_IDENTIFIER = io.srz.TweetleDumbestUITests;
				PRODUCT_NAME = "$(TARGET_NAME)";
				SWIFT_EMIT_LOC_STRINGS = NO;
				SWIFT_VERSION = 5.0;
				TARGETED_DEVICE_FAMILY = "1,2";
				TEST_TARGET_NAME = TweetleDumbest;
			};
			name = Release;
		};
/* End XCBuildConfiguration section */

/* Begin XCConfigurationList section */
		D19118CA280888BD0009A5BA /* Build configuration list for PBXProject "TweetleDumbest" */ = {
			isa = XCConfigurationList;
			buildConfigurations = (
				D19118F1280888BE0009A5BA /* Debug */,
				D19118F2280888BE0009A5BA /* Release */,
			);
			defaultConfigurationIsVisible = 0;
			defaultConfigurationName = Release;
		};
		D19118F3280888BE0009A5BA /* Build configuration list for PBXNativeTarget "TweetleDumbest" */ = {
			isa = XCConfigurationList;
			buildConfigurations = (
				D19118F4280888BE0009A5BA /* Debug */,
				D19118F5280888BE0009A5BA /* Release */,
			);
			defaultConfigurationIsVisible = 0;
			defaultConfigurationName = Release;
		};
		D19118F6280888BE0009A5BA /* Build configuration list for PBXNativeTarget "TweetleDumbestTests" */ = {
			isa = XCConfigurationList;
			buildConfigurations = (
				D19118F7280888BE0009A5BA /* Debug */,
				D19118F8280888BE0009A5BA /* Release */,
			);
			defaultConfigurationIsVisible = 0;
			defaultConfigurationName = Release;
		};
		D19118F9280888BE0009A5BA /* Build configuration list for PBXNativeTarget "TweetleDumbestUITests" */ = {
			isa = XCConfigurationList;
			buildConfigurations = (
				D19118FA280888BE0009A5BA /* Debug */,
				D19118FB280888BE0009A5BA /* Release */,
			);
			defaultConfigurationIsVisible = 0;
			defaultConfigurationName = Release;
		};
/* End XCConfigurationList section */
	};
	rootObject = D19118C7280888BD0009A5BA /* Project object */;
}
